
Microsoft Visual Studio Solution File, Format Version 12.00
# Visual Studio Version 16
VisualStudioVersion = 16.0.30804.86
MinimumVisualStudioVersion = 10.0.40219.1
Project("{FAE04EC0-301F-11D3-BF4B-00C04F79EFBC}") = "WebApi", "WebApi\WebApi.csproj", "{80C2B77A-DC74-4307-9FA0-E9626B63F4D6}"
EndProject
Project("{FAE04EC0-301F-11D3-BF4B-00C04F79EFBC}") = "CRUDProject", "CRUDProject\CRUDProject.csproj", "{5D677309-B254-4E2F-ABF1-3EA006E2A82F}"
EndProject
Global
	GlobalSection(SolutionConfigurationPlatforms) = preSolution
		Debug|Any CPU = Debug|Any CPU
		Release|Any CPU = Release|Any CPU
	EndGlobalSection
	GlobalSection(ProjectConfigurationPlatforms) = postSolution
		{80C2B77A-DC74-4307-9FA0-E9626B63F4D6}.Debug|Any CPU.ActiveCfg = Debug|Any CPU
		{80C2B77A-DC74-4307-9FA0-E9626B63F4D6}.Debug|Any CPU.Build.0 = Debug|Any CPU
		{80C2B77A-DC74-4307-9FA0-E9626B63F4D6}.Release|Any CPU.ActiveCfg = Release|Any CPU
		{80C2B77A-DC74-4307-9FA0-E9626B63F4D6}.Release|Any CPU.Build.0 = Release|Any CPU
		{5D677309-B254-4E2F-ABF1-3EA006E2A82F}.Debug|Any CPU.ActiveCfg = Debug|Any CPU
		{5D677309-B254-4E2F-ABF1-3EA006E2A82F}.Debug|Any CPU.Build.0 = Debug|Any CPU
		{5D677309-B254-4E2F-ABF1-3EA006E2A82F}.Release|Any CPU.ActiveCfg = Release|Any CPU
		{5D677309-B254-4E2F-ABF1-3EA006E2A82F}.Release|Any CPU.Build.0 = Release|Any CPU
	EndGlobalSection
	GlobalSection(SolutionProperties) = preSolution
		HideSolutionNode = FALSE
	EndGlobalSection
	GlobalSection(ExtensibilityGlobals) = postSolution
		SolutionGuid = {8FFB29D8-7C5C-4130-81D7-53380D805731}
	EndGlobalSection
EndGlobal
